
Microsoft Visual Studio Solution File, Format Version 12.00
# Visual Studio Version 16
VisualStudioVersion = 16.0.33920.266
MinimumVisualStudioVersion = 10.0.40219.1
Project("{FAE04EC0-301F-11D3-BF4B-00C04F79EFBC}") = "CatalogoArticulos", "CatalogoArticulos\CatalogoArticulos.csproj", "{565B5185-8034-495A-AE2B-DC23F1688A6E}"
EndProject
Project("{FAE04EC0-301F-11D3-BF4B-00C04F79EFBC}") = "Dominio", "Dominio\Dominio.csproj", "{5B7860BC-AEEB-42FF-A000-C260865D816E}"
EndProject
Project("{FAE04EC0-301F-11D3-BF4B-00C04F79EFBC}") = "Negocio", "Negocio\Negocio.csproj", "{2FD908BF-FC43-49F0-AE1C-D518E331251B}"
EndProject
Global
	GlobalSection(SolutionConfigurationPlatforms) = preSolution
		Debug|Any CPU = Debug|Any CPU
		Release|Any CPU = Release|Any CPU
	EndGlobalSection
	GlobalSection(ProjectConfigurationPlatforms) = postSolution
		{565B5185-8034-495A-AE2B-DC23F1688A6E}.Debug|Any CPU.ActiveCfg = Debug|Any CPU
		{565B5185-8034-495A-AE2B-DC23F1688A6E}.Debug|Any CPU.Build.0 = Debug|Any CPU
		{565B5185-8034-495A-AE2B-DC23F1688A6E}.Release|Any CPU.ActiveCfg = Release|Any CPU
		{565B5185-8034-495A-AE2B-DC23F1688A6E}.Release|Any CPU.Build.0 = Release|Any CPU
		{5B7860BC-AEEB-42FF-A000-C260865D816E}.Debug|Any CPU.ActiveCfg = Debug|Any CPU
		{5B7860BC-AEEB-42FF-A000-C260865D816E}.Debug|Any CPU.Build.0 = Debug|Any CPU
		{5B7860BC-AEEB-42FF-A000-C260865D816E}.Release|Any CPU.ActiveCfg = Release|Any CPU
		{5B7860BC-AEEB-42FF-A000-C260865D816E}.Release|Any CPU.Build.0 = Release|Any CPU
		{2FD908BF-FC43-49F0-AE1C-D518E331251B}.Debug|Any CPU.ActiveCfg = Debug|Any CPU
		{2FD908BF-FC43-49F0-AE1C-D518E331251B}.Debug|Any CPU.Build.0 = Debug|Any CPU
		{2FD908BF-FC43-49F0-AE1C-D518E331251B}.Release|Any CPU.ActiveCfg = Release|Any CPU
		{2FD908BF-FC43-49F0-AE1C-D518E331251B}.Release|Any CPU.Build.0 = Release|Any CPU
	EndGlobalSection
	GlobalSection(SolutionProperties) = preSolution
		HideSolutionNode = FALSE
	EndGlobalSection
	GlobalSection(ExtensibilityGlobals) = postSolution
		SolutionGuid = {636EB97C-A8C2-4F3F-B878-7F7229CEC376}
	EndGlobalSection
EndGlobal
